
Microsoft Visual Studio Solution File, Format Version 11.00
# Visual Studio 2010
# SharpDevelop 4.3.0.8535-net45-alpha
Project("{F184B08F-C81C-45F6-A57F-5ABD9991F28F}") = "SQLiteInterface", "SqlLiteInterface\MyInterface.SQLite.vbproj", "{1A6B4C1A-EB3D-4921-BDC4-9BB2CDCDF640}"
EndProject
Global
	GlobalSection(SolutionConfigurationPlatforms) = preSolution
		Debug|x86 = Debug|x86
		Release|x86 = Release|x86
		Debug|Any CPU = Debug|Any CPU
		Release|Any CPU = Release|Any CPU
	EndGlobalSection
	GlobalSection(ProjectConfigurationPlatforms) = postSolution
		{1A6B4C1A-EB3D-4921-BDC4-9BB2CDCDF640}.Debug|x86.Build.0 = Debug|x86
		{1A6B4C1A-EB3D-4921-BDC4-9BB2CDCDF640}.Debug|x86.ActiveCfg = Debug|x86
		{1A6B4C1A-EB3D-4921-BDC4-9BB2CDCDF640}.Debug|Any CPU.Build.0 = Debug|Any CPU
		{1A6B4C1A-EB3D-4921-BDC4-9BB2CDCDF640}.Debug|Any CPU.ActiveCfg = Debug|Any CPU
		{1A6B4C1A-EB3D-4921-BDC4-9BB2CDCDF640}.Release|x86.Build.0 = Release|x86
		{1A6B4C1A-EB3D-4921-BDC4-9BB2CDCDF640}.Release|x86.ActiveCfg = Release|x86
		{1A6B4C1A-EB3D-4921-BDC4-9BB2CDCDF640}.Release|Any CPU.Build.0 = Release|Any CPU
		{1A6B4C1A-EB3D-4921-BDC4-9BB2CDCDF640}.Release|Any CPU.ActiveCfg = Release|Any CPU
	EndGlobalSection
EndGlobal
